
Microsoft Visual Studio Solution File, Format Version 12.00
# Visual Studio Version 16
VisualStudioVersion = 16.0.30503.244
MinimumVisualStudioVersion = 10.0.40219.1
Project("{FAE04EC0-301F-11D3-BF4B-00C04F79EFBC}") = "Cafe", "Cafe\Cafe.csproj", "{254B395D-318D-45DE-895F-57769B015C93}"
EndProject
Global
	GlobalSection(SolutionConfigurationPlatforms) = preSolution
		Debug|Any CPU = Debug|Any CPU
		Release|Any CPU = Release|Any CPU
	EndGlobalSection
	GlobalSection(ProjectConfigurationPlatforms) = postSolution
		{254B395D-318D-45DE-895F-57769B015C93}.Debug|Any CPU.ActiveCfg = Debug|Any CPU
		{254B395D-318D-45DE-895F-57769B015C93}.Debug|Any CPU.Build.0 = Debug|Any CPU
		{254B395D-318D-45DE-895F-57769B015C93}.Release|Any CPU.ActiveCfg = Release|Any CPU
		{254B395D-318D-45DE-895F-57769B015C93}.Release|Any CPU.Build.0 = Release|Any CPU
	EndGlobalSection
	GlobalSection(SolutionProperties) = preSolution
		HideSolutionNode = FALSE
	EndGlobalSection
	GlobalSection(ExtensibilityGlobals) = postSolution
		SolutionGuid = {FD68319E-4884-4A62-AC3D-540F5A8A1C7A}
	EndGlobalSection
EndGlobal
